
Microsoft Visual Studio Solution File, Format Version 12.00
# Visual Studio Version 16
VisualStudioVersion = 16.0.30204.135
MinimumVisualStudioVersion = 10.0.40219.1
Project("{FAE04EC0-301F-11D3-BF4B-00C04F79EFBC}") = "HealthSanctuary.Web", "HealthSanctuary.Web\HealthSanctuary.Web.csproj", "{CD1979D9-64C7-485D-BFAF-A90969F889B5}"
EndProject
Global
	GlobalSection(SolutionConfigurationPlatforms) = preSolution
		Debug|Any CPU = Debug|Any CPU
		Release|Any CPU = Release|Any CPU
	EndGlobalSection
	GlobalSection(ProjectConfigurationPlatforms) = postSolution
		{CD1979D9-64C7-485D-BFAF-A90969F889B5}.Debug|Any CPU.ActiveCfg = Debug|Any CPU
		{CD1979D9-64C7-485D-BFAF-A90969F889B5}.Debug|Any CPU.Build.0 = Debug|Any CPU
		{CD1979D9-64C7-485D-BFAF-A90969F889B5}.Release|Any CPU.ActiveCfg = Release|Any CPU
		{CD1979D9-64C7-485D-BFAF-A90969F889B5}.Release|Any CPU.Build.0 = Release|Any CPU
	EndGlobalSection
	GlobalSection(SolutionProperties) = preSolution
		HideSolutionNode = FALSE
	EndGlobalSection
	GlobalSection(ExtensibilityGlobals) = postSolution
		SolutionGuid = {3894B25F-657B-498C-9553-5615CF4DFBB7}
	EndGlobalSection
EndGlobal
